PODS:
  - Alamofire (4.9.0)
  - Hero (1.4.0)
  - JTAppleCalendar (7.1.7)
  - Kingfisher (4.10.1)
  - Moya (13.0.1):
    - Moya/Core (= 13.0.1)
  - Moya/Core (13.0.1):
    - Alamofire (~> 4.1)
    - Result (~> 4.1)
  - R.swift (5.0.3):
    - R.swift.Library (~> 5.0.0)
  - R.swift.Library (5.0.1)
  - Result (4.1.0)
  - RxCocoa (5.0.0):
    - RxRelay (~> 5)
    - RxSwift (~> 5)
  - RxGesture (3.0.0):
    - RxCocoa (~> 5.0)
    - RxSwift (~> 5.0)
  - RxRelay (5.0.0):
    - RxSwift (~> 5)
  - RxSwift (5.0.0)
  - SwiftLint (0.35.0)
  - SwiftSoup (2.2.1)
  - Toast-Swift (5.0.0)

DEPENDENCIES:
  - Alamofire
  - Hero
  - JTAppleCalendar
  - Kingfisher
  - Moya
  - R.swift
  - RxCocoa (~> 5)
  - RxGesture
  - RxSwift (~> 5)
  - SwiftLint
  - SwiftSoup
  - Toast-Swift

SPEC REPOS:
  https://github.com/CocoaPods/Specs.git:
    - Alamofire
    - Hero
    - JTAppleCalendar
    - Kingfisher
    - Moya
    - R.swift
    - R.swift.Library
    - Result
    - RxCocoa
    - RxGesture
    - RxRelay
    - RxSwift
    - SwiftLint
    - SwiftSoup
    - Toast-Swift

SPEC CHECKSUMS:
  Alamofire: afc3e7c6db61476cb45cdd23fed06bad03bbc321
  Hero: bac92350d7201a1a940003e0767c7b52ce7c99a1
  JTAppleCalendar: 96da4d8388fa6dc82d6a60d41ef36a015e167e2f
  Kingfisher: c148cd7b47ebde9989f6bc7c27dcaa79d81279a0
  Moya: f4a4b80ff2f8a4ffc208dfb31cd91636622fee6e
  R.swift: f5a87643b91ea569d23d6afb3eee9c743edde239
  R.swift.Library: cfe85d569d9bae6cb262922db130e7c3a7a5fad1
  Result: bd966fac789cc6c1563440b348ab2598cc24d5c7
  RxCocoa: fcf32050ac00d801f34a7f71d5e8e7f23026dcd8
  RxGesture: 0cd8e37ff9a266e1c31f46bcaed6de1c536bc81e
  RxRelay: 4f7409406a51a55cd88483f21ed898c234d60f18
  RxSwift: 8b0671caa829a763bbce7271095859121cbd895f
  SwiftLint: 5553187048b900c91aa03552807681bb6b027846
  SwiftSoup: a91d3c96ecb6f8f13005552ef60f9075aae4a7f3
  Toast-Swift: 36f4720243c8582c2be243a60a51e193c761f541

PODFILE CHECKSUM: 7142bd3fd74c8053d56952df7ab62bde7d1e67eb

COCOAPODS: 1.8.0
